
Microsoft Visual Studio Solution File, Format Version 12.00
# Visual Studio Version 16
VisualStudioVersion = 16.0.31702.278
MinimumVisualStudioVersion = 10.0.40219.1
Project("{9A19103F-16F7-4668-BE54-9A1E7A4F7556}") = "MVCRazerCRUD", "MVCRazerCRUD.csproj", "{6DB49BB0-47E0-4F05-9ADB-1F52EF6719C9}"
EndProject
Global
	GlobalSection(SolutionConfigurationPlatforms) = preSolution
		Debug|Any CPU = Debug|Any CPU
		Release|Any CPU = Release|Any CPU
	EndGlobalSection
	GlobalSection(ProjectConfigurationPlatforms) = postSolution
		{6DB49BB0-47E0-4F05-9ADB-1F52EF6719C9}.Debug|Any CPU.ActiveCfg = Debug|Any CPU
		{6DB49BB0-47E0-4F05-9ADB-1F52EF6719C9}.Debug|Any CPU.Build.0 = Debug|Any CPU
		{6DB49BB0-47E0-4F05-9ADB-1F52EF6719C9}.Release|Any CPU.ActiveCfg = Release|Any CPU
		{6DB49BB0-47E0-4F05-9ADB-1F52EF6719C9}.Release|Any CPU.Build.0 = Release|Any CPU
	EndGlobalSection
	GlobalSection(SolutionProperties) = preSolution
		HideSolutionNode = FALSE
	EndGlobalSection
	GlobalSection(ExtensibilityGlobals) = postSolution
		SolutionGuid = {0E5D40F7-BD0B-4164-AB16-C0D46D85307B}
	EndGlobalSection
EndGlobal
